
Microsoft Visual Studio Solution File, Format Version 12.00
# Visual Studio Version 17
VisualStudioVersion = 17.4.33122.133
MinimumVisualStudioVersion = 10.0.40219.1
Project("{888888A0-9F3D-457C-B088-3A5042F75D52}") = "lecture 9 classification example", "lecture 9 classification example\lecture 9 classification example.pyproj", "{DDE2C875-7970-4F3F-88D1-3726B9779E36}"
EndProject
Global
	GlobalSection(SolutionConfigurationPlatforms) = preSolution
		Debug|Any CPU = Debug|Any CPU
		Release|Any CPU = Release|Any CPU
	EndGlobalSection
	GlobalSection(ProjectConfigurationPlatforms) = postSolution
		{DDE2C875-7970-4F3F-88D1-3726B9779E36}.Debug|Any CPU.ActiveCfg = Debug|Any CPU
		{DDE2C875-7970-4F3F-88D1-3726B9779E36}.Release|Any CPU.ActiveCfg = Release|Any CPU
	EndGlobalSection
	GlobalSection(SolutionProperties) = preSolution
		HideSolutionNode = FALSE
	EndGlobalSection
	GlobalSection(ExtensibilityGlobals) = postSolution
		SolutionGuid = {8D8BEC4C-3AB2-4D1B-9422-AE9FA338F2E4}
	EndGlobalSection
EndGlobal
